
Microsoft Visual Studio Solution File, Format Version 12.00
# Visual Studio Version 17
VisualStudioVersion = 17.8.34322.80
MinimumVisualStudioVersion = 10.0.40219.1
Project("{FAE04EC0-301F-11D3-BF4B-00C04F79EFBC}") = "myDiscogs", "myDiscogs\myDiscogs.csproj", "{1BB1C3EA-4F4C-4F60-988F-7ED13FA9E803}"
EndProject
Global
	GlobalSection(SolutionConfigurationPlatforms) = preSolution
		Debug|Any CPU = Debug|Any CPU
		Release|Any CPU = Release|Any CPU
	EndGlobalSection
	GlobalSection(ProjectConfigurationPlatforms) = postSolution
		{1BB1C3EA-4F4C-4F60-988F-7ED13FA9E803}.Debug|Any CPU.ActiveCfg = Debug|Any CPU
		{1BB1C3EA-4F4C-4F60-988F-7ED13FA9E803}.Debug|Any CPU.Build.0 = Debug|Any CPU
		{1BB1C3EA-4F4C-4F60-988F-7ED13FA9E803}.Release|Any CPU.ActiveCfg = Release|Any CPU
		{1BB1C3EA-4F4C-4F60-988F-7ED13FA9E803}.Release|Any CPU.Build.0 = Release|Any CPU
	EndGlobalSection
	GlobalSection(SolutionProperties) = preSolution
		HideSolutionNode = FALSE
	EndGlobalSection
	GlobalSection(ExtensibilityGlobals) = postSolution
		SolutionGuid = {451F4010-02CB-4144-8D60-261C8E1EA589}
	EndGlobalSection
EndGlobal
